
Microsoft Visual Studio Solution File, Format Version 12.00
# Visual Studio Version 16
VisualStudioVersion = 16.0.35130.168
MinimumVisualStudioVersion = 10.0.40219.1
Project("{FAE04EC0-301F-11D3-BF4B-00C04F79EFBC}") = "Collaraton", "Collaraton\Collaraton.csproj", "{9BC26C80-3492-43C8-AE3C-78214E66234F}"
EndProject
Global
	GlobalSection(SolutionConfigurationPlatforms) = preSolution
		Debug|Any CPU = Debug|Any CPU
		Release|Any CPU = Release|Any CPU
	EndGlobalSection
	GlobalSection(ProjectConfigurationPlatforms) = postSolution
		{9BC26C80-3492-43C8-AE3C-78214E66234F}.Debug|Any CPU.ActiveCfg = Debug|Any CPU
		{9BC26C80-3492-43C8-AE3C-78214E66234F}.Debug|Any CPU.Build.0 = Debug|Any CPU
		{9BC26C80-3492-43C8-AE3C-78214E66234F}.Release|Any CPU.ActiveCfg = Release|Any CPU
		{9BC26C80-3492-43C8-AE3C-78214E66234F}.Release|Any CPU.Build.0 = Release|Any CPU
	EndGlobalSection
	GlobalSection(SolutionProperties) = preSolution
		HideSolutionNode = FALSE
	EndGlobalSection
	GlobalSection(ExtensibilityGlobals) = postSolution
		SolutionGuid = {EFD21C95-6723-458B-ABF5-FB27DB5AE8D6}
	EndGlobalSection
EndGlobal
